// !$*UTF8*$!
{
	archiveVersion = 1;
	classes = {
	};
	objectVersion = 50;
	objects = {

/* Begin PBXBuildFile section */
		86704B56266A57CB00F748B1 /* SideMenuApp.swift in Sources */ = {isa = PBXBuildFile; fileRef = 86704B55266A57CB00F748B1 /* SideMenuApp.swift */; };
		86704B58266A57CB00F748B1 /* ContentView.swift in Sources */ = {isa = PBXBuildFile; fileRef = 86704B57266A57CB00F748B1 /* ContentView.swift */; };
		86704B5A266A57D000F748B1 /* Assets.xcassets in Resources */ = {isa = PBXBuildFile; fileRef = 86704B59266A57D000F748B1 /* Assets.xcassets */; };
		86704B5D266A57D000F748B1 /* Preview Assets.xcassets in Resources */ = {isa = PBXBuildFile; fileRef = 86704B5C266A57D000F748B1 /* Preview Assets.xcassets */; };
		86704B65266A5A1500F748B1 /* SideMenuView.swift in Sources */ = {isa = PBXBuildFile; fileRef = 86704B64266A5A1500F748B1 /* SideMenuView.swift */; };
		86704B67266A5A2200F748B1 /* SideMenuHeaderView.swift in Sources */ = {isa = PBXBuildFile; fileRef = 86704B66266A5A2200F748B1 /* SideMenuHeaderView.swift */; };
		86704B69266A5A3800F748B1 /* SideMenuOptionView.swift in Sources */ = {isa = PBXBuildFile; fileRef = 86704B68266A5A3800F748B1 /* SideMenuOptionView.swift */; };
		86704B6B266A5A4300F748B1 /* SideMenuViewModel.swift in Sources */ = {isa = PBXBuildFile; fileRef = 86704B6A266A5A4300F748B1 /* SideMenuViewModel.swift */; };
		86704B70266A698000F748B1 /* ProfileView.swift in Sources */ = {isa = PBXBuildFile; fileRef = 86704B6F266A698000F748B1 /* ProfileView.swift */; };
		86704B72266A6CE200F748B1 /* SideMenuOptionCell.swift in Sources */ = {isa = PBXBuildFile; fileRef = 86704B71266A6CE200F748B1 /* SideMenuOptionCell.swift */; };
		86704B74266A6D8700F748B1 /* SideMenuOptionListView.swift in Sources */ = {isa = PBXBuildFile; fileRef = 86704B73266A6D8700F748B1 /* SideMenuOptionListView.swift */; };
/* End PBXBuildFile section */

/* Begin PBXFileReference section */
		86704B52266A57CB00F748B1 /* SideMenu.app */ = {isa = PBXFileReference; explicitFileType = wrapper.application; includeInIndex = 0; path = SideMenu.app; sourceTree = BUILT_PRODUCTS_DIR; };
		86704B55266A57CB00F748B1 /* SideMenuApp.swift */ = {isa = PBXFileReference; lastKnownFileType = sourcecode.swift; path = SideMenuApp.swift; sourceTree = "<group>"; };
		86704B57266A57CB00F748B1 /* ContentView.swift */ = {isa = PBXFileReference; lastKnownFileType = sourcecode.swift; path = ContentView.swift; sourceTree = "<group>"; };
		86704B59266A57D000F748B1 /* Assets.xcassets */ = {isa = PBXFileReference; lastKnownFileType = folder.assetcatalog; path = Assets.xcassets; sourceTree = "<group>"; };
		86704B5C266A57D000F748B1 /* Preview Assets.xcassets */ = {isa = PBXFileReference; lastKnownFileType = folder.assetcatalog; path = "Preview Assets.xcassets"; sourceTree = "<group>"; };
		86704B5E266A57D000F748B1 /* Info.plist */ = {isa = PBXFileReference; lastKnownFileType = text.plist.xml; path = Info.plist; sourceTree = "<group>"; };
		86704B64266A5A1500F748B1 /* SideMenuView.swift */ = {isa = PBXFileReference; lastKnownFileType = sourcecode.swift; path = SideMenuView.swift; sourceTree = "<group>"; };
		86704B66266A5A2200F748B1 /* SideMenuHeaderView.swift */ = {isa = PBXFileReference; lastKnownFileType = sourcecode.swift; path = SideMenuHeaderView.swift; sourceTree = "<group>"; };
		86704B68266A5A3800F748B1 /* SideMenuOptionView.swift */ = {isa = PBXFileReference; lastKnownFileType = sourcecode.swift; path = SideMenuOptionView.swift; sourceTree = "<group>"; };
		86704B6A266A5A4300F748B1 /* SideMenuViewModel.swift */ = {isa = PBXFileReference; lastKnownFileType = sourcecode.swift; path = SideMenuViewModel.swift; sourceTree = "<group>"; };
		86704B6F266A698000F748B1 /* ProfileView.swift */ = {isa = PBXFileReference; lastKnownFileType = sourcecode.swift; path = ProfileView.swift; sourceTree = "<group>"; };
		86704B71266A6CE200F748B1 /* SideMenuOptionCell.swift */ = {isa = PBXFileReference; lastKnownFileType = sourcecode.swift; path = SideMenuOptionCell.swift; sourceTree = "<group>"; };
		86704B73266A6D8700F748B1 /* SideMenuOptionListView.swift */ = {isa = PBXFileReference; lastKnownFileType = sourcecode.swift; path = SideMenuOptionListView.swift; sourceTree = "<group>"; };
/* End PBXFileReference section */

/* Begin PBXFrameworksBuildPhase section */
		86704B4F266A57CB00F748B1 /* Frameworks */ = {
			isa = PBXFrameworksBuildPhase;
			buildActionMask = 2147483647;
			files = (
			);
			runOnlyForDeploymentPostprocessing = 0;
		};
/* End PBXFrameworksBuildPhase section */

/* Begin PBXGroup section */
		86704B49266A57CB00F748B1 = {
			isa = PBXGroup;
			children = (
				86704B54266A57CB00F748B1 /* SideMenu */,
				86704B53266A57CB00F748B1 /* Products */,
			);
			sourceTree = "<group>";
		};
		86704B53266A57CB00F748B1 /* Products */ = {
			isa = PBXGroup;
			children = (
				86704B52266A57CB00F748B1 /* SideMenu.app */,
			);
			name = Products;
			sourceTree = "<group>";
		};
		86704B54266A57CB00F748B1 /* SideMenu */ = {
			isa = PBXGroup;
			children = (
				86704B55266A57CB00F748B1 /* SideMenuApp.swift */,
				86704B57266A57CB00F748B1 /* ContentView.swift */,
				86704B6C266A5A5000F748B1 /* Views */,
				86704B6D266A5A5600F748B1 /* ViewModels */,
				86704B59266A57D000F748B1 /* Assets.xcassets */,
				86704B5E266A57D000F748B1 /* Info.plist */,
				86704B5B266A57D000F748B1 /* Preview Content */,
			);
			path = SideMenu;
			sourceTree = "<group>";
		};
		86704B5B266A57D000F748B1 /* Preview Content */ = {
			isa = PBXGroup;
			children = (
				86704B5C266A57D000F748B1 /* Preview Assets.xcassets */,
			);
			path = "Preview Content";
			sourceTree = "<group>";
		};
		86704B6C266A5A5000F748B1 /* Views */ = {
			isa = PBXGroup;
			children = (
				86704B6E266A695C00F748B1 /* SideMenu */,
				86704B6F266A698000F748B1 /* ProfileView.swift */,
			);
			path = Views;
			sourceTree = "<group>";
		};
		86704B6D266A5A5600F748B1 /* ViewModels */ = {
			isa = PBXGroup;
			children = (
				86704B6A266A5A4300F748B1 /* SideMenuViewModel.swift */,
				86704B68266A5A3800F748B1 /* SideMenuOptionView.swift */,
			);
			path = ViewModels;
			sourceTree = "<group>";
		};
		86704B6E266A695C00F748B1 /* SideMenu */ = {
			isa = PBXGroup;
			children = (
				86704B64266A5A1500F748B1 /* SideMenuView.swift */,
				86704B66266A5A2200F748B1 /* SideMenuHeaderView.swift */,
				86704B73266A6D8700F748B1 /* SideMenuOptionListView.swift */,
				86704B71266A6CE200F748B1 /* SideMenuOptionCell.swift */,
			);
			path = SideMenu;
			sourceTree = "<group>";
		};
/* End PBXGroup section */

/* Begin PBXNativeTarget section */
		86704B51266A57CB00F748B1 /* SideMenu */ = {
			isa = PBXNativeTarget;
			buildConfigurationList = 86704B61266A57D000F748B1 /* Build configuration list for PBXNativeTarget "SideMenu" */;
			buildPhases = (
				86704B4E266A57CB00F748B1 /* Sources */,
				86704B4F266A57CB00F748B1 /* Frameworks */,
				86704B50266A57CB00F748B1 /* Resources */,
			);
			buildRules = (
			);
			dependencies = (
			);
			name = SideMenu;
			productName = SideMenu;
			productReference = 86704B52266A57CB00F748B1 /* SideMenu.app */;
			productType = "com.apple.product-type.application";
		};
/* End PBXNativeTarget section */

/* Begin PBXProject section */
		86704B4A266A57CB00F748B1 /* Project object */ = {
			isa = PBXProject;
			attributes = {
				LastSwiftUpdateCheck = 1250;
				LastUpgradeCheck = 1250;
				TargetAttributes = {
					86704B51266A57CB00F748B1 = {
						CreatedOnToolsVersion = 12.5;
					};
				};
			};
			buildConfigurationList = 86704B4D266A57CB00F748B1 /* Build configuration list for PBXProject "SideMenu" */;
			compatibilityVersion = "Xcode 9.3";
			developmentRegion = en;
			hasScannedForEncodings = 0;
			knownRegions = (
				en,
				Base,
			);
			mainGroup = 86704B49266A57CB00F748B1;
			productRefGroup = 86704B53266A57CB00F748B1 /* Products */;
			projectDirPath = "";
			projectRoot = "";
			targets = (
				86704B51266A57CB00F748B1 /* SideMenu */,
			);
		};
/* End PBXProject section */

/* Begin PBXResourcesBuildPhase section */
		86704B50266A57CB00F748B1 /* Resources */ = {
			isa = PBXResourcesBuildPhase;
			buildActionMask = 2147483647;
			files = (
				86704B5D266A57D000F748B1 /* Preview Assets.xcassets in Resources */,
				86704B5A266A57D000F748B1 /* Assets.xcassets in Resources */,
			);
			runOnlyForDeploymentPostprocessing = 0;
		};
/* End PBXResourcesBuildPhase section */

/* Begin PBXSourcesBuildPhase section */
		86704B4E266A57CB00F748B1 /* Sources */ = {
			isa = PBXSourcesBuildPhase;
			buildActionMask = 2147483647;
			files = (
				86704B65266A5A1500F748B1 /* SideMenuView.swift in Sources */,
				86704B67266A5A2200F748B1 /* SideMenuHeaderView.swift in Sources */,
				86704B58266A57CB00F748B1 /* ContentView.swift in Sources */,
				86704B69266A5A3800F748B1 /* SideMenuOptionView.swift in Sources */,
				86704B72266A6CE200F748B1 /* SideMenuOptionCell.swift in Sources */,
				86704B74266A6D8700F748B1 /* SideMenuOptionListView.swift in Sources */,
				86704B6B266A5A4300F748B1 /* SideMenuViewModel.swift in Sources */,
				86704B70266A698000F748B1 /* ProfileView.swift in Sources */,
				86704B56266A57CB00F748B1 /* SideMenuApp.swift in Sources */,
			);
			runOnlyForDeploymentPostprocessing = 0;
		};
/* End PBXSourcesBuildPhase section */

/* Begin XCBuildConfiguration section */
		86704B5F266A57D000F748B1 /* Debug */ = {
			isa = XCBuildConfiguration;
			buildSettings = {
				ALWAYS_SEARCH_USER_PATHS = NO;
				CLANG_ANALYZER_NONNULL = YES;
				CLANG_ANALYZER_NUMBER_OBJECT_CONVERSION = YES_AGGRESSIVE;
				CLANG_CXX_LANGUAGE_STANDARD = "gnu++14";
				CLANG_CXX_LIBRARY = "libc++";
				CLANG_ENABLE_MODULES = YES;
				CLANG_ENABLE_OBJC_ARC = YES;
				CLANG_ENABLE_OBJC_WEAK = YES;
				CLANG_WARN_BLOCK_CAPTURE_AUTORELEASING = YES;
				CLANG_WARN_BOOL_CONVERSION = YES;
				CLANG_WARN_COMMA = YES;
				CLANG_WARN_CONSTANT_CONVERSION = YES;
				CLANG_WARN_DEPRECATED_OBJC_IMPLEMENTATIONS = YES;
				CLANG_WARN_DIRECT_OBJC_ISA_USAGE = YES_ERROR;
				CLANG_WARN_DOCUMENTATION_COMMENTS = YES;
				CLANG_WARN_EMPTY_BODY = YES;
				CLANG_WARN_ENUM_CONVERSION = YES;
				CLANG_WARN_INFINITE_RECURSION = YES;
				CLANG_WARN_INT_CONVERSION = YES;
				CLANG_WARN_NON_LITERAL_NULL_CONVERSION = YES;
				CLANG_WARN_OBJC_IMPLICIT_RETAIN_SELF = YES;
				CLANG_WARN_OBJC_LITERAL_CONVERSION = YES;
				CLANG_WARN_OBJC_ROOT_CLASS = YES_ERROR;
				CLANG_WARN_QUOTED_INCLUDE_IN_FRAMEWORK_HEADER = YES;
				CLANG_WARN_RANGE_LOOP_ANALYSIS = YES;
				CLANG_WARN_STRICT_PROTOTYPES = YES;
				CLANG_WARN_SUSPICIOUS_MOVE = YES;
				CLANG_WARN_UNGUARDED_AVAILABILITY = YES_AGGRESSIVE;
				CLANG_WARN_UNREACHABLE_CODE = YES;
				CLANG_WARN__DUPLICATE_METHOD_MATCH = YES;
				COPY_PHASE_STRIP = NO;
				DEBUG_INFORMATION_FORMAT = dwarf;
				ENABLE_STRICT_OBJC_MSGSEND = YES;
				ENABLE_TESTABILITY = YES;
				GCC_C_LANGUAGE_STANDARD = gnu11;
				GCC_DYNAMIC_NO_PIC = NO;
				GCC_NO_COMMON_BLOCKS = YES;
				GCC_OPTIMIZATION_LEVEL = 0;
				GCC_PREPROCESSOR_DEFINITIONS = (
					"DEBUG=1",
					"$(inherited)",
				);
				GCC_WARN_64_TO_32_BIT_CONVERSION = YES;
				GCC_WARN_ABOUT_RETURN_TYPE = YES_ERROR;
				GCC_WARN_UNDECLARED_SELECTOR = YES;
				GCC_WARN_UNINITIALIZED_AUTOS = YES_AGGRESSIVE;
				GCC_WARN_UNUSED_FUNCTION = YES;
				GCC_WARN_UNUSED_VARIABLE = YES;
				IPHONEOS_DEPLOYMENT_TARGET = 14.5;
				MTL_ENABLE_DEBUG_INFO = INCLUDE_SOURCE;
				MTL_FAST_MATH = YES;
				ONLY_ACTIVE_ARCH = YES;
				SDKROOT = iphoneos;
				SWIFT_ACTIVE_COMPILATION_CONDITIONS = DEBUG;
				SWIFT_OPTIMIZATION_LEVEL = "-Onone";
			};
			name = Debug;
		};
		86704B60266A57D000F748B1 /* Release */ = {
			isa = XCBuildConfiguration;
			buildSettings = {
				ALWAYS_SEARCH_USER_PATHS = NO;
				CLANG_ANALYZER_NONNULL = YES;
				CLANG_ANALYZER_NUMBER_OBJECT_CONVERSION = YES_AGGRESSIVE;
				CLANG_CXX_LANGUAGE_STANDARD = "gnu++14";
				CLANG_CXX_LIBRARY = "libc++";
				CLANG_ENABLE_MODULES = YES;
				CLANG_ENABLE_OBJC_ARC = YES;
				CLANG_ENABLE_OBJC_WEAK = YES;
				CLANG_WARN_BLOCK_CAPTURE_AUTORELEASING = YES;
				CLANG_WARN_BOOL_CONVERSION = YES;
				CLANG_WARN_COMMA = YES;
				CLANG_WARN_CONSTANT_CONVERSION = YES;
				CLANG_WARN_DEPRECATED_OBJC_IMPLEMENTATIONS = YES;
				CLANG_WARN_DIRECT_OBJC_ISA_USAGE = YES_ERROR;
				CLANG_WARN_DOCUMENTATION_COMMENTS = YES;
				CLANG_WARN_EMPTY_BODY = YES;
				CLANG_WARN_ENUM_CONVERSION = YES;
				CLANG_WARN_INFINITE_RECURSION = YES;
				CLANG_WARN_INT_CONVERSION = YES;
				CLANG_WARN_NON_LITERAL_NULL_CONVERSION = YES;
				CLANG_WARN_OBJC_IMPLICIT_RETAIN_SELF = YES;
				CLANG_WARN_OBJC_LITERAL_CONVERSION = YES;
				CLANG_WARN_OBJC_ROOT_CLASS = YES_ERROR;
				CLANG_WARN_QUOTED_INCLUDE_IN_FRAMEWORK_HEADER = YES;
				CLANG_WARN_RANGE_LOOP_ANALYSIS = YES;
				CLANG_WARN_STRICT_PROTOTYPES = YES;
				CLANG_WARN_SUSPICIOUS_MOVE = YES;
				CLANG_WARN_UNGUARDED_AVAILABILITY = YES_AGGRESSIVE;
				CLANG_WARN_UNREACHABLE_CODE = YES;
				CLANG_WARN__DUPLICATE_METHOD_MATCH = YES;
				COPY_PHASE_STRIP = NO;
				DEBUG_INFORMATION_FORMAT = "dwarf-with-dsym";
				ENABLE_NS_ASSERTIONS = NO;
				ENABLE_STRICT_OBJC_MSGSEND = YES;
				GCC_C_LANGUAGE_STANDARD = gnu11;
				GCC_NO_COMMON_BLOCKS = YES;
				GCC_WARN_64_TO_32_BIT_CONVERSION = YES;
				GCC_WARN_ABOUT_RETURN_TYPE = YES_ERROR;
				GCC_WARN_UNDECLARED_SELECTOR = YES;
				GCC_WARN_UNINITIALIZED_AUTOS = YES_AGGRESSIVE;
				GCC_WARN_UNUSED_FUNCTION = YES;
				GCC_WARN_UNUSED_VARIABLE = YES;
				IPHONEOS_DEPLOYMENT_TARGET = 14.5;
				MTL_ENABLE_DEBUG_INFO = NO;
				MTL_FAST_MATH = YES;
				SDKROOT = iphoneos;
				SWIFT_COMPILATION_MODE = wholemodule;
				SWIFT_OPTIMIZATION_LEVEL = "-O";
				VALIDATE_PRODUCT = YES;
			};
			name = Release;
		};
		86704B62266A57D000F748B1 /* Debug */ = {
			isa = XCBuildConfiguration;
			buildSettings = {
				ASSETCATALOG_COMPILER_APPICON_NAME = AppIcon;
				ASSETCATALOG_COMPILER_GLOBAL_ACCENT_COLOR_NAME = AccentColor;
				CODE_SIGN_STYLE = Automatic;
				DEVELOPMENT_ASSET_PATHS = "\"SideMenu/Preview Content\"";
				DEVELOPMENT_TEAM = SNW84Q39QZ;
				ENABLE_PREVIEWS = YES;
				INFOPLIST_FILE = SideMenu/Info.plist;
				IPHONEOS_DEPLOYMENT_TARGET = 14.0;
				LD_RUNPATH_SEARCH_PATHS = (
					"$(inherited)",
					"@executable_path/Frameworks",
				);
				PRODUCT_BUNDLE_IDENTIFIER = com.dhuntleyinc.SideMenu;
				PRODUCT_NAME = "$(TARGET_NAME)";
				SWIFT_VERSION = 5.0;
				TARGETED_DEVICE_FAMILY = "1,2";
			};
			name = Debug;
		};
		86704B63266A57D000F748B1 /* Release */ = {
			isa = XCBuildConfiguration;
			buildSettings = {
				ASSETCATALOG_COMPILER_APPICON_NAME = AppIcon;
				ASSETCATALOG_COMPILER_GLOBAL_ACCENT_COLOR_NAME = AccentColor;
				CODE_SIGN_STYLE = Automatic;
				DEVELOPMENT_ASSET_PATHS = "\"SideMenu/Preview Content\"";
				DEVELOPMENT_TEAM = SNW84Q39QZ;
				ENABLE_PREVIEWS = YES;
				INFOPLIST_FILE = SideMenu/Info.plist;
				IPHONEOS_DEPLOYMENT_TARGET = 14.0;
				LD_RUNPATH_SEARCH_PATHS = (
					"$(inherited)",
					"@executable_path/Frameworks",
				);
				PRODUCT_BUNDLE_IDENTIFIER = com.dhuntleyinc.SideMenu;
				PRODUCT_NAME = "$(TARGET_NAME)";
				SWIFT_VERSION = 5.0;
				TARGETED_DEVICE_FAMILY = "1,2";
			};
			name = Release;
		};
/* End XCBuildConfiguration section */

/* Begin XCConfigurationList section */
		86704B4D266A57CB00F748B1 /* Build configuration list for PBXProject "SideMenu" */ = {
			isa = XCConfigurationList;
			buildConfigurations = (
				86704B5F266A57D000F748B1 /* Debug */,
				86704B60266A57D000F748B1 /* Release */,
			);
			defaultConfigurationIsVisible = 0;
			defaultConfigurationName = Release;
		};
		86704B61266A57D000F748B1 /* Build configuration list for PBXNativeTarget "SideMenu" */ = {
			isa = XCConfigurationList;
			buildConfigurations = (
				86704B62266A57D000F748B1 /* Debug */,
				86704B63266A57D000F748B1 /* Release */,
			);
			defaultConfigurationIsVisible = 0;
			defaultConfigurationName = Release;
		};
/* End XCConfigurationList section */
	};
	rootObject = 86704B4A266A57CB00F748B1 /* Project object */;
}
